// !$*UTF8*$!
{
	archiveVersion = 1;
	classes = {
	};
	objectVersion = 50;
	objects = {

/* Begin PBXBuildFile section */
		C2990C1B224DD9FF00259F1A /* AppDelegate.swift in Sources */ = {isa = PBXBuildFile; fileRef = C2990C1A224DD9FF00259F1A /* AppDelegate.swift */; };
		C2990C1D224DD9FF00259F1A /* ViewController.swift in Sources */ = {isa = PBXBuildFile; fileRef = C2990C1C224DD9FF00259F1A /* ViewController.swift */; };
		C2990C20224DD9FF00259F1A /* Main.storyboard in Resources */ = {isa = PBXBuildFile; fileRef = C2990C1E224DD9FF00259F1A /* Main.storyboard */; };
		C2990C22224DDA0200259F1A /* Assets.xcassets in Resources */ = {isa = PBXBuildFile; fileRef = C2990C21224DDA0200259F1A /* Assets.xcassets */; };
		C2990C25224DDA0300259F1A /* LaunchScreen.storyboard in Resources */ = {isa = PBXBuildFile; fileRef = C2990C23224DDA0300259F1A /* LaunchScreen.storyboard */; };
		C2990C2D224DEF6F00259F1A /* ViewModel.swift in Sources */ = {isa = PBXBuildFile; fileRef = C2990C2C224DEF6F00259F1A /* ViewModel.swift */; };
		C2990C2F224DEF7A00259F1A /* Model.swift in Sources */ = {isa = PBXBuildFile; fileRef = C2990C2E224DEF7A00259F1A /* Model.swift */; };
/* End PBXBuildFile section */

/* Begin PBXFileReference section */
		C2990C17224DD9FE00259F1A /* TicTacToeGameProject.app */ = {isa = PBXFileReference; explicitFileType = wrapper.application; includeInIndex = 0; path = TicTacToeGameProject.app; sourceTree = BUILT_PRODUCTS_DIR; };
		C2990C1A224DD9FF00259F1A /* AppDelegate.swift */ = {isa = PBXFileReference; lastKnownFileType = sourcecode.swift; path = AppDelegate.swift; sourceTree = "<group>"; };
		C2990C1C224DD9FF00259F1A /* ViewController.swift */ = {isa = PBXFileReference; lastKnownFileType = sourcecode.swift; path = ViewController.swift; sourceTree = "<group>"; };
		C2990C1F224DD9FF00259F1A /* Base */ = {isa = PBXFileReference; lastKnownFileType = file.storyboard; name = Base; path = Base.lproj/Main.storyboard; sourceTree = "<group>"; };
		C2990C21224DDA0200259F1A /* Assets.xcassets */ = {isa = PBXFileReference; lastKnownFileType = folder.assetcatalog; path = Assets.xcassets; sourceTree = "<group>"; };
		C2990C24224DDA0300259F1A /* Base */ = {isa = PBXFileReference; lastKnownFileType = file.storyboard; name = Base; path = Base.lproj/LaunchScreen.storyboard; sourceTree = "<group>"; };
		C2990C26224DDA0300259F1A /* Info.plist */ = {isa = PBXFileReference; lastKnownFileType = text.plist.xml; path = Info.plist; sourceTree = "<group>"; };
		C2990C2C224DEF6F00259F1A /* ViewModel.swift */ = {isa = PBXFileReference; lastKnownFileType = sourcecode.swift; path = ViewModel.swift; sourceTree = "<group>"; };
		C2990C2E224DEF7A00259F1A /* Model.swift */ = {isa = PBXFileReference; lastKnownFileType = sourcecode.swift; path = Model.swift; sourceTree = "<group>"; };
/* End PBXFileReference section */

/* Begin PBXFrameworksBuildPhase section */
		C2990C14224DD9FE00259F1A /* Frameworks */ = {
			isa = PBXFrameworksBuildPhase;
			buildActionMask = 2147483647;
			files = (
			);
			runOnlyForDeploymentPostprocessing = 0;
		};
/* End PBXFrameworksBuildPhase section */

/* Begin PBXGroup section */
		C2990C0E224DD9FE00259F1A = {
			isa = PBXGroup;
			children = (
				C2990C19224DD9FF00259F1A /* TicTacToeGameProject */,
				C2990C18224DD9FE00259F1A /* Products */,
			);
			sourceTree = "<group>";
		};
		C2990C18224DD9FE00259F1A /* Products */ = {
			isa = PBXGroup;
			children = (
				C2990C17224DD9FE00259F1A /* TicTacToeGameProject.app */,
			);
			name = Products;
			sourceTree = "<group>";
		};
		C2990C19224DD9FF00259F1A /* TicTacToeGameProject */ = {
			isa = PBXGroup;
			children = (
				C2990C1A224DD9FF00259F1A /* AppDelegate.swift */,
				C2990C30224E4F7400259F1A /* controllers */,
				C2990C31224E4F8500259F1A /* ViewModels */,
				C2990C32224E4F9E00259F1A /* Models */,
				C2990C1E224DD9FF00259F1A /* Main.storyboard */,
				C2990C21224DDA0200259F1A /* Assets.xcassets */,
				C2990C23224DDA0300259F1A /* LaunchScreen.storyboard */,
				C2990C26224DDA0300259F1A /* Info.plist */,
			);
			path = TicTacToeGameProject;
			sourceTree = "<group>";
		};
		C2990C30224E4F7400259F1A /* controllers */ = {
			isa = PBXGroup;
			children = (
				C2990C1C224DD9FF00259F1A /* ViewController.swift */,
			);
			path = controllers;
			sourceTree = "<group>";
		};
		C2990C31224E4F8500259F1A /* ViewModels */ = {
			isa = PBXGroup;
			children = (
				C2990C2C224DEF6F00259F1A /* ViewModel.swift */,
			);
			path = ViewModels;
			sourceTree = "<group>";
		};
		C2990C32224E4F9E00259F1A /* Models */ = {
			isa = PBXGroup;
			children = (
				C2990C2E224DEF7A00259F1A /* Model.swift */,
			);
			path = Models;
			sourceTree = "<group>";
		};
/* End PBXGroup section */

/* Begin PBXNativeTarget section */
		C2990C16224DD9FE00259F1A /* TicTacToeGameProject */ = {
			isa = PBXNativeTarget;
			buildConfigurationList = C2990C29224DDA0300259F1A /* Build configuration list for PBXNativeTarget "TicTacToeGameProject" */;
			buildPhases = (
				C2990C13224DD9FE00259F1A /* Sources */,
				C2990C14224DD9FE00259F1A /* Frameworks */,
				C2990C15224DD9FE00259F1A /* Resources */,
			);
			buildRules = (
			);
			dependencies = (
			);
			name = TicTacToeGameProject;
			productName = TicTacToeGameProject;
			productReference = C2990C17224DD9FE00259F1A /* TicTacToeGameProject.app */;
			productType = "com.apple.product-type.application";
		};
/* End PBXNativeTarget section */

/* Begin PBXProject section */
		C2990C0F224DD9FE00259F1A /* Project object */ = {
			isa = PBXProject;
			attributes = {
				LastSwiftUpdateCheck = 1010;
				LastUpgradeCheck = 1010;
				ORGANIZATIONNAME = "jayaram G";
				TargetAttributes = {
					C2990C16224DD9FE00259F1A = {
						CreatedOnToolsVersion = 10.1;
					};
				};
			};
			buildConfigurationList = C2990C12224DD9FE00259F1A /* Build configuration list for PBXProject "TicTacToeGameProject" */;
			compatibilityVersion = "Xcode 9.3";
			developmentRegion = en;
			hasScannedForEncodings = 0;
			knownRegions = (
				en,
				Base,
			);
			mainGroup = C2990C0E224DD9FE00259F1A;
			productRefGroup = C2990C18224DD9FE00259F1A /* Products */;
			projectDirPath = "";
			projectRoot = "";
			targets = (
				C2990C16224DD9FE00259F1A /* TicTacToeGameProject */,
			);
		};
/* End PBXProject section */

/* Begin PBXResourcesBuildPhase section */
		C2990C15224DD9FE00259F1A /* Resources */ = {
			isa = PBXResourcesBuildPhase;
			buildActionMask = 2147483647;
			files = (
				C2990C25224DDA0300259F1A /* LaunchScreen.storyboard in Resources */,
				C2990C22224DDA0200259F1A /* Assets.xcassets in Resources */,
				C2990C20224DD9FF00259F1A /* Main.storyboard in Resources */,
			);
			runOnlyForDeploymentPostprocessing = 0;
		};
/* End PBXResourcesBuildPhase section */

/* Begin PBXSourcesBuildPhase section */
		C2990C13224DD9FE00259F1A /* Sources */ = {
			isa = PBXSourcesBuildPhase;
			buildActionMask = 2147483647;
			files = (
				C2990C1D224DD9FF00259F1A /* ViewController.swift in Sources */,
				C2990C2D224DEF6F00259F1A /* ViewModel.swift in Sources */,
				C2990C1B224DD9FF00259F1A /* AppDelegate.swift in Sources */,
				C2990C2F224DEF7A00259F1A /* Model.swift in Sources */,
			);
			runOnlyForDeploymentPostprocessing = 0;
		};
/* End PBXSourcesBuildPhase section */

/* Begin PBXVariantGroup section */
		C2990C1E224DD9FF00259F1A /* Main.storyboard */ = {
			isa = PBXVariantGroup;
			children = (
				C2990C1F224DD9FF00259F1A /* Base */,
			);
			name = Main.storyboard;
			sourceTree = "<group>";
		};
		C2990C23224DDA0300259F1A /* LaunchScreen.storyboard */ = {
			isa = PBXVariantGroup;
			children = (
				C2990C24224DDA0300259F1A /* Base */,
			);
			name = LaunchScreen.storyboard;
			sourceTree = "<group>";
		};
/* End PBXVariantGroup section */

/* Begin XCBuildConfiguration section */
		C2990C27224DDA0300259F1A /* Debug */ = {
			isa = XCBuildConfiguration;
			buildSettings = {
				ALWAYS_SEARCH_USER_PATHS = NO;
				CLANG_ANALYZER_NONNULL = YES;
				CLANG_ANALYZER_NUMBER_OBJECT_CONVERSION = YES_AGGRESSIVE;
				CLANG_CXX_LANGUAGE_STANDARD = "gnu++14";
				CLANG_CXX_LIBRARY = "libc++";
				CLANG_ENABLE_MODULES = YES;
				CLANG_ENABLE_OBJC_ARC = YES;
				CLANG_ENABLE_OBJC_WEAK = YES;
				CLANG_WARN_BLOCK_CAPTURE_AUTORELEASING = YES;
				CLANG_WARN_BOOL_CONVERSION = YES;
				CLANG_WARN_COMMA = YES;
				CLANG_WARN_CONSTANT_CONVERSION = YES;
				CLANG_WARN_DEPRECATED_OBJC_IMPLEMENTATIONS = YES;
				CLANG_WARN_DIRECT_OBJC_ISA_USAGE = YES_ERROR;
				CLANG_WARN_DOCUMENTATION_COMMENTS = YES;
				CLANG_WARN_EMPTY_BODY = YES;
				CLANG_WARN_ENUM_CONVERSION = YES;
				CLANG_WARN_INFINITE_RECURSION = YES;
				CLANG_WARN_INT_CONVERSION = YES;
				CLANG_WARN_NON_LITERAL_NULL_CONVERSION = YES;
				CLANG_WARN_OBJC_IMPLICIT_RETAIN_SELF = YES;
				CLANG_WARN_OBJC_LITERAL_CONVERSION = YES;
				CLANG_WARN_OBJC_ROOT_CLASS = YES_ERROR;
				CLANG_WARN_RANGE_LOOP_ANALYSIS = YES;
				CLANG_WARN_STRICT_PROTOTYPES = YES;
				CLANG_WARN_SUSPICIOUS_MOVE = YES;
				CLANG_WARN_UNGUARDED_AVAILABILITY = YES_AGGRESSIVE;
				CLANG_WARN_UNREACHABLE_CODE = YES;
				CLANG_WARN__DUPLICATE_METHOD_MATCH = YES;
				CODE_SIGN_IDENTITY = "iPhone Developer";
				COPY_PHASE_STRIP = NO;
				DEBUG_INFORMATION_FORMAT = dwarf;
				ENABLE_STRICT_OBJC_MSGSEND = YES;
				ENABLE_TESTABILITY = YES;
				GCC_C_LANGUAGE_STANDARD = gnu11;
				GCC_DYNAMIC_NO_PIC = NO;
				GCC_NO_COMMON_BLOCKS = YES;
				GCC_OPTIMIZATION_LEVEL = 0;
				GCC_PREPROCESSOR_DEFINITIONS = (
					"DEBUG=1",
					"$(inherited)",
				);
				GCC_WARN_64_TO_32_BIT_CONVERSION = YES;
				GCC_WARN_ABOUT_RETURN_TYPE = YES_ERROR;
				GCC_WARN_UNDECLARED_SELECTOR = YES;
				GCC_WARN_UNINITIALIZED_AUTOS = YES_AGGRESSIVE;
				GCC_WARN_UNUSED_FUNCTION = YES;
				GCC_WARN_UNUSED_VARIABLE = YES;
				IPHONEOS_DEPLOYMENT_TARGET = 12.1;
				MTL_ENABLE_DEBUG_INFO = INCLUDE_SOURCE;
				MTL_FAST_MATH = YES;
				ONLY_ACTIVE_ARCH = YES;
				SDKROOT = iphoneos;
				SWIFT_ACTIVE_COMPILATION_CONDITIONS = DEBUG;
				SWIFT_OPTIMIZATION_LEVEL = "-Onone";
			};
			name = Debug;
		};
		C2990C28224DDA0300259F1A /* Release */ = {
			isa = XCBuildConfiguration;
			buildSettings = {
				ALWAYS_SEARCH_USER_PATHS = NO;
				CLANG_ANALYZER_NONNULL = YES;
				CLANG_ANALYZER_NUMBER_OBJECT_CONVERSION = YES_AGGRESSIVE;
				CLANG_CXX_LANGUAGE_STANDARD = "gnu++14";
				CLANG_CXX_LIBRARY = "libc++";
				CLANG_ENABLE_MODULES = YES;
				CLANG_ENABLE_OBJC_ARC = YES;
				CLANG_ENABLE_OBJC_WEAK = YES;
				CLANG_WARN_BLOCK_CAPTURE_AUTORELEASING = YES;
				CLANG_WARN_BOOL_CONVERSION = YES;
				CLANG_WARN_COMMA = YES;
				CLANG_WARN_CONSTANT_CONVERSION = YES;
				CLANG_WARN_DEPRECATED_OBJC_IMPLEMENTATIONS = YES;
				CLANG_WARN_DIRECT_OBJC_ISA_USAGE = YES_ERROR;
				CLANG_WARN_DOCUMENTATION_COMMENTS = YES;
				CLANG_WARN_EMPTY_BODY = YES;
				CLANG_WARN_ENUM_CONVERSION = YES;
				CLANG_WARN_INFINITE_RECURSION = YES;
				CLANG_WARN_INT_CONVERSION = YES;
				CLANG_WARN_NON_LITERAL_NULL_CONVERSION = YES;
				CLANG_WARN_OBJC_IMPLICIT_RETAIN_SELF = YES;
				CLANG_WARN_OBJC_LITERAL_CONVERSION = YES;
				CLANG_WARN_OBJC_ROOT_CLASS = YES_ERROR;
				CLANG_WARN_RANGE_LOOP_ANALYSIS = YES;
				CLANG_WARN_STRICT_PROTOTYPES = YES;
				CLANG_WARN_SUSPICIOUS_MOVE = YES;
				CLANG_WARN_UNGUARDED_AVAILABILITY = YES_AGGRESSIVE;
				CLANG_WARN_UNREACHABLE_CODE = YES;
				CLANG_WARN__DUPLICATE_METHOD_MATCH = YES;
				CODE_SIGN_IDENTITY = "iPhone Developer";
				COPY_PHASE_STRIP = NO;
				DEBUG_INFORMATION_FORMAT = "dwarf-with-dsym";
				ENABLE_NS_ASSERTIONS = NO;
				ENABLE_STRICT_OBJC_MSGSEND = YES;
				GCC_C_LANGUAGE_STANDARD = gnu11;
				GCC_NO_COMMON_BLOCKS = YES;
				GCC_WARN_64_TO_32_BIT_CONVERSION = YES;
				GCC_WARN_ABOUT_RETURN_TYPE = YES_ERROR;
				GCC_WARN_UNDECLARED_SELECTOR = YES;
				GCC_WARN_UNINITIALIZED_AUTOS = YES_AGGRESSIVE;
				GCC_WARN_UNUSED_FUNCTION = YES;
				GCC_WARN_UNUSED_VARIABLE = YES;
				IPHONEOS_DEPLOYMENT_TARGET = 12.1;
				MTL_ENABLE_DEBUG_INFO = NO;
				MTL_FAST_MATH = YES;
				SDKROOT = iphoneos;
				SWIFT_COMPILATION_MODE = wholemodule;
				SWIFT_OPTIMIZATION_LEVEL = "-O";
				VALIDATE_PRODUCT = YES;
			};
			name = Release;
		};
		C2990C2A224DDA0300259F1A /* Debug */ = {
			isa = XCBuildConfiguration;
			buildSettings = {
				ASSETCATALOG_COMPILER_APPICON_NAME = AppIcon;
				CODE_SIGN_STYLE = Automatic;
				DEVELOPMENT_TEAM = 45GDH5BAMV;
				INFOPLIST_FILE = TicTacToeGameProject/Info.plist;
				LD_RUNPATH_SEARCH_PATHS = (
					"$(inherited)",
					"@executable_path/Frameworks",
				);
				PRODUCT_BUNDLE_IDENTIFIER = com.demo.getcountrycode.TicTacToeGameProject;
				PRODUCT_NAME = "$(TARGET_NAME)";
				SWIFT_VERSION = 4.2;
				TARGETED_DEVICE_FAMILY = "1,2";
			};
			name = Debug;
		};
		C2990C2B224DDA0300259F1A /* Release */ = {
			isa = XCBuildConfiguration;
			buildSettings = {
				ASSETCATALOG_COMPILER_APPICON_NAME = AppIcon;
				CODE_SIGN_STYLE = Automatic;
				DEVELOPMENT_TEAM = 45GDH5BAMV;
				INFOPLIST_FILE = TicTacToeGameProject/Info.plist;
				LD_RUNPATH_SEARCH_PATHS = (
					"$(inherited)",
					"@executable_path/Frameworks",
				);
				PRODUCT_BUNDLE_IDENTIFIER = com.demo.getcountrycode.TicTacToeGameProject;
				PRODUCT_NAME = "$(TARGET_NAME)";
				SWIFT_VERSION = 4.2;
				TARGETED_DEVICE_FAMILY = "1,2";
			};
			name = Release;
		};
/* End XCBuildConfiguration section */

/* Begin XCConfigurationList section */
		C2990C12224DD9FE00259F1A /* Build configuration list for PBXProject "TicTacToeGameProject" */ = {
			isa = XCConfigurationList;
			buildConfigurations = (
				C2990C27224DDA0300259F1A /* Debug */,
				C2990C28224DDA0300259F1A /* Release */,
			);
			defaultConfigurationIsVisible = 0;
			defaultConfigurationName = Release;
		};
		C2990C29224DDA0300259F1A /* Build configuration list for PBXNativeTarget "TicTacToeGameProject" */ = {
			isa = XCConfigurationList;
			buildConfigurations = (
				C2990C2A224DDA0300259F1A /* Debug */,
				C2990C2B224DDA0300259F1A /* Release */,
			);
			defaultConfigurationIsVisible = 0;
			defaultConfigurationName = Release;
		};
/* End XCConfigurationList section */
	};
	rootObject = C2990C0F224DD9FE00259F1A /* Project object */;
}
